// !$*UTF8*$!
{
	archiveVersion = 1;
	classes = {
	};
	objectVersion = 56;
	objects = {

/* Begin PBXBuildFile section */
		0155AAA72A174FA40057F3B6 /* AppDelegate.m in Sources */ = {isa = PBXBuildFile; fileRef = 0155AAA62A174FA40057F3B6 /* AppDelegate.m */; };
		0155AAAD2A174FA40057F3B6 /* ViewController.m in Sources */ = {isa = PBXBuildFile; fileRef = 0155AAAC2A174FA40057F3B6 /* ViewController.m */; };
		0155AAB02A174FA40057F3B6 /* Main.storyboard in Resources */ = {isa = PBXBuildFile; fileRef = 0155AAAE2A174FA40057F3B6 /* Main.storyboard */; };
		0155AAB22A174FA60057F3B6 /* Assets.xcassets in Resources */ = {isa = PBXBuildFile; fileRef = 0155AAB12A174FA60057F3B6 /* Assets.xcassets */; };
		0155AAB52A174FA60057F3B6 /* LaunchScreen.storyboard in Resources */ = {isa = PBXBuildFile; fileRef = 0155AAB32A174FA60057F3B6 /* LaunchScreen.storyboard */; };
		0155AAB82A174FA60057F3B6 /* main.m in Sources */ = {isa = PBXBuildFile; fileRef = 0155AAB72A174FA60057F3B6 /* main.m */; };
		019442162A20B2C400F46FF6 /* ZFUtilities.m in Sources */ = {isa = PBXBuildFile; fileRef = 019441CA2A20B2C400F46FF6 /* ZFUtilities.m */; };
		019442172A20B2C400F46FF6 /* UIView+ZFFrame.m in Sources */ = {isa = PBXBuildFile; fileRef = 019441CB2A20B2C400F46FF6 /* UIView+ZFFrame.m */; };
		019442182A20B2C400F46FF6 /* ZFSpeedLaughView.m in Sources */ = {isa = PBXBuildFile; fileRef = 019441D02A20B2C400F46FF6 /* ZFSpeedLaughView.m */; };
		019442192A20B2C400F46FF6 /* ZFLightControlView.m in Sources */ = {isa = PBXBuildFile; fileRef = 019441D32A20B2C400F46FF6 /* ZFLightControlView.m */; };
		0194421A2A20B2C400F46FF6 /* ZFNetworkSpeedMonitor.m in Sources */ = {isa = PBXBuildFile; fileRef = 019441D42A20B2C400F46FF6 /* ZFNetworkSpeedMonitor.m */; };
		0194421B2A20B2C400F46FF6 /* ZFPresentActionManager.m in Sources */ = {isa = PBXBuildFile; fileRef = 019441DA2A20B2C400F46FF6 /* ZFPresentActionManager.m */; };
		0194421C2A20B2C400F46FF6 /* ZFPresentStatusBar.m in Sources */ = {isa = PBXBuildFile; fileRef = 019441DB2A20B2C400F46FF6 /* ZFPresentStatusBar.m */; };
		0194421D2A20B2C400F46FF6 /* ZFPresentControlView.m in Sources */ = {isa = PBXBuildFile; fileRef = 019441DC2A20B2C400F46FF6 /* ZFPresentControlView.m */; };
		0194421E2A20B2C400F46FF6 /* ZFAdManager.m in Sources */ = {isa = PBXBuildFile; fileRef = 019441DE2A20B2C400F46FF6 /* ZFAdManager.m */; };
		0194421F2A20B2C400F46FF6 /* ZFVehicleBrightnessView.m in Sources */ = {isa = PBXBuildFile; fileRef = 019441DF2A20B2C400F46FF6 /* ZFVehicleBrightnessView.m */; };
		019442202A20B2C400F46FF6 /* ZFSliderView.m in Sources */ = {isa = PBXBuildFile; fileRef = 019441E02A20B2C400F46FF6 /* ZFSliderView.m */; };
		019442212A20B2C400F46FF6 /* ZFSmallFloatControlView.m in Sources */ = {isa = PBXBuildFile; fileRef = 019441E12A20B2C400F46FF6 /* ZFSmallFloatControlView.m */; };
		019442222A20B2C400F46FF6 /* ZFLoadingView.m in Sources */ = {isa = PBXBuildFile; fileRef = 019441E22A20B2C400F46FF6 /* ZFLoadingView.m */; };
		019442232A20B2C400F46FF6 /* ZFAdView.m in Sources */ = {isa = PBXBuildFile; fileRef = 019441E32A20B2C400F46FF6 /* ZFAdView.m */; };
		019442242A20B2C400F46FF6 /* ZFPortraitControlView.m in Sources */ = {isa = PBXBuildFile; fileRef = 019441E42A20B2C400F46FF6 /* ZFPortraitControlView.m */; };
		019442252A20B2C400F46FF6 /* UIImageView+ZFCache.m in Sources */ = {isa = PBXBuildFile; fileRef = 019441E52A20B2C400F46FF6 /* UIImageView+ZFCache.m */; };
		019442262A20B2C400F46FF6 /* ZFPresentLogManager.m in Sources */ = {isa = PBXBuildFile; fileRef = 019441EA2A20B2C400F46FF6 /* ZFPresentLogManager.m */; };
		019442272A20B2C400F46FF6 /* UIScrollView+conditions.m in Sources */ = {isa = PBXBuildFile; fileRef = 019441EC2A20B2C400F46FF6 /* UIScrollView+conditions.m */; };
		019442282A20B2C400F46FF6 /* ZFLandscapeWindow.m in Sources */ = {isa = PBXBuildFile; fileRef = 019441EF2A20B2C400F46FF6 /* ZFLandscapeWindow.m */; };
		019442292A20B2C400F46FF6 /* ZFPresentView.m in Sources */ = {isa = PBXBuildFile; fileRef = 019441F22A20B2C400F46FF6 /* ZFPresentView.m */; };
		0194422A2A20B2C400F46FF6 /* ZFOrientationObserver.m in Sources */ = {isa = PBXBuildFile; fileRef = 019441F52A20B2C400F46FF6 /* ZFOrientationObserver.m */; };
		0194422B2A20B2C400F46FF6 /* ZFPresentGestureControl.m in Sources */ = {isa = PBXBuildFile; fileRef = 019441F72A20B2C400F46FF6 /* ZFPresentGestureControl.m */; };
		0194422C2A20B2C400F46FF6 /* ZFLandscapeRotationManager.m in Sources */ = {isa = PBXBuildFile; fileRef = 019441F82A20B2C400F46FF6 /* ZFLandscapeRotationManager.m */; };
		0194422D2A20B2C400F46FF6 /* ZFPersentInteractiveTransition.m in Sources */ = {isa = PBXBuildFile; fileRef = 019441FA2A20B2C400F46FF6 /* ZFPersentInteractiveTransition.m */; };
		0194422E2A20B2C400F46FF6 /* ZFPresentController.m in Sources */ = {isa = PBXBuildFile; fileRef = 019441FC2A20B2C400F46FF6 /* ZFPresentController.m */; };
		0194422F2A20B2C400F46FF6 /* ZFPresentNotification.m in Sources */ = {isa = PBXBuildFile; fileRef = 019441FE2A20B2C400F46FF6 /* ZFPresentNotification.m */; };
		019442302A20B2C400F46FF6 /* ZFPresentTransition.m in Sources */ = {isa = PBXBuildFile; fileRef = 019442002A20B2C400F46FF6 /* ZFPresentTransition.m */; };
		019442312A20B2C400F46FF6 /* ZFFloatView.m in Sources */ = {isa = PBXBuildFile; fileRef = 019442022A20B2C400F46FF6 /* ZFFloatView.m */; };
		019442322A20B2C400F46FF6 /* ZFLandscapeRotationManager_iOS16.m in Sources */ = {isa = PBXBuildFile; fileRef = 019442042A20B2C400F46FF6 /* ZFLandscapeRotationManager_iOS16.m */; };
		019442332A20B2C400F46FF6 /* ZFPortraitViewController.m in Sources */ = {isa = PBXBuildFile; fileRef = 019442052A20B2C400F46FF6 /* ZFPortraitViewController.m */; };
		019442342A20B2C400F46FF6 /* ZFLandscapeViewController_iOS15.m in Sources */ = {isa = PBXBuildFile; fileRef = 019442082A20B2C400F46FF6 /* ZFLandscapeViewController_iOS15.m */; };
		019442352A20B2C400F46FF6 /* ZFKVOController.m in Sources */ = {isa = PBXBuildFile; fileRef = 0194420A2A20B2C400F46FF6 /* ZFKVOController.m */; };
		019442362A20B2C400F46FF6 /* ZFLandscapeViewController.m in Sources */ = {isa = PBXBuildFile; fileRef = 0194420B2A20B2C400F46FF6 /* ZFLandscapeViewController.m */; };
		019442372A20B2C400F46FF6 /* ZFAutoScrollLabel.m in Sources */ = {isa = PBXBuildFile; fileRef = 0194420C2A20B2C400F46FF6 /* ZFAutoScrollLabel.m */; };
		019442382A20B2C400F46FF6 /* ZFReachabilityManager.m in Sources */ = {isa = PBXBuildFile; fileRef = 0194420F2A20B2C400F46FF6 /* ZFReachabilityManager.m */; };
		019442392A20B2C400F46FF6 /* ZFLandscapeRotationManager_iOS15.m in Sources */ = {isa = PBXBuildFile; fileRef = 019442112A20B2C400F46FF6 /* ZFLandscapeRotationManager_iOS15.m */; };
		0194423A2A20B2C400F46FF6 /* ZFPlayer.bundle in Resources */ = {isa = PBXBuildFile; fileRef = 019442152A20B2C400F46FF6 /* ZFPlayer.bundle */; };
		F29A86C7DF07FB1531C6E21D /* libPods-ZFTemporary.a in Frameworks */ = {isa = PBXBuildFile; fileRef = C2D9D9B815B0449D9FC9397D /* libPods-ZFTemporary.a */; };
/* End PBXBuildFile section */

/* Begin PBXFileReference section */
		0155AAA22A174FA40057F3B6 /* ZFTemporary.app */ = {isa = PBXFileReference; explicitFileType = wrapper.application; includeInIndex = 0; path = ZFTemporary.app; sourceTree = BUILT_PRODUCTS_DIR; };
		0155AAA52A174FA40057F3B6 /* AppDelegate.h */ = {isa = PBXFileReference; lastKnownFileType = sourcecode.c.h; path = AppDelegate.h; sourceTree = "<group>"; };
		0155AAA62A174FA40057F3B6 /* AppDelegate.m */ = {isa = PBXFileReference; lastKnownFileType = sourcecode.c.objc; path = AppDelegate.m; sourceTree = "<group>"; };
		0155AAAB2A174FA40057F3B6 /* ViewController.h */ = {isa = PBXFileReference; lastKnownFileType = sourcecode.c.h; path = ViewController.h; sourceTree = "<group>"; };
		0155AAAC2A174FA40057F3B6 /* ViewController.m */ = {isa = PBXFileReference; lastKnownFileType = sourcecode.c.objc; path = ViewController.m; sourceTree = "<group>"; };
		0155AAAF2A174FA40057F3B6 /* Base */ = {isa = PBXFileReference; lastKnownFileType = file.storyboard; name = Base; path = Base.lproj/Main.storyboard; sourceTree = "<group>"; };
		0155AAB12A174FA60057F3B6 /* Assets.xcassets */ = {isa = PBXFileReference; lastKnownFileType = folder.assetcatalog; path = Assets.xcassets; sourceTree = "<group>"; };
		0155AAB42A174FA60057F3B6 /* Base */ = {isa = PBXFileReference; lastKnownFileType = file.storyboard; name = Base; path = Base.lproj/LaunchScreen.storyboard; sourceTree = "<group>"; };
		0155AAB62A174FA60057F3B6 /* Info.plist */ = {isa = PBXFileReference; lastKnownFileType = text.plist.xml; path = Info.plist; sourceTree = "<group>"; };
		0155AAB72A174FA60057F3B6 /* main.m */ = {isa = PBXFileReference; lastKnownFileType = sourcecode.c.objc; path = main.m; sourceTree = "<group>"; };
		019441C72A20B2C400F46FF6 /* ZFPresentControlView.h */ = {isa = PBXFileReference; fileEncoding = 4; lastKnownFileType = sourcecode.c.h; path = ZFPresentControlView.h; sourceTree = "<group>"; };
		019441C82A20B2C400F46FF6 /* ZFPresentStatusBar.h */ = {isa = PBXFileReference; fileEncoding = 4; lastKnownFileType = sourcecode.c.h; path = ZFPresentStatusBar.h; sourceTree = "<group>"; };
		019441C92A20B2C400F46FF6 /* ZFPresentActionManager.h */ = {isa = PBXFileReference; fileEncoding = 4; lastKnownFileType = sourcecode.c.h; path = ZFPresentActionManager.h; sourceTree = "<group>"; };
		019441CA2A20B2C400F46FF6 /* ZFUtilities.m */ = {isa = PBXFileReference; fileEncoding = 4; lastKnownFileType = sourcecode.c.objc; path = ZFUtilities.m; sourceTree = "<group>"; };
		019441CB2A20B2C400F46FF6 /* UIView+ZFFrame.m */ = {isa = PBXFileReference; fileEncoding = 4; lastKnownFileType = sourcecode.c.objc; path = "UIView+ZFFrame.m"; sourceTree = "<group>"; };
		019441CC2A20B2C400F46FF6 /* ZFSmallFloatControlView.h */ = {isa = PBXFileReference; fileEncoding = 4; lastKnownFileType = sourcecode.c.h; path = ZFSmallFloatControlView.h; sourceTree = "<group>"; };
		019441CD2A20B2C400F46FF6 /* ZFSliderView.h */ = {isa = PBXFileReference; fileEncoding = 4; lastKnownFileType = sourcecode.c.h; path = ZFSliderView.h; sourceTree = "<group>"; };
		019441CE2A20B2C400F46FF6 /* ZFVehicleBrightnessView.h */ = {isa = PBXFileReference; fileEncoding = 4; lastKnownFileType = sourcecode.c.h; path = ZFVehicleBrightnessView.h; sourceTree = "<group>"; };
		019441CF2A20B2C400F46FF6 /* ZFAdManager.h */ = {isa = PBXFileReference; fileEncoding = 4; lastKnownFileType = sourcecode.c.h; path = ZFAdManager.h; sourceTree = "<group>"; };
		019441D02A20B2C400F46FF6 /* ZFSpeedLaughView.m */ = {isa = PBXFileReference; fileEncoding = 4; lastKnownFileType = sourcecode.c.objc; path = ZFSpeedLaughView.m; sourceTree = "<group>"; };
		019441D12A20B2C400F46FF6 /* ZFLoadingView.h */ = {isa = PBXFileReference; fileEncoding = 4; lastKnownFileType = sourcecode.c.h; path = ZFLoadingView.h; sourceTree = "<group>"; };
		019441D22A20B2C400F46FF6 /* ZFAdModelProtocol.h */ = {isa = PBXFileReference; fileEncoding = 4; lastKnownFileType = sourcecode.c.h; path = ZFAdModelProtocol.h; sourceTree = "<group>"; };
		019441D32A20B2C400F46FF6 /* ZFLightControlView.m */ = {isa = PBXFileReference; fileEncoding = 4; lastKnownFileType = sourcecode.c.objc; path = ZFLightControlView.m; sourceTree = "<group>"; };
		019441D42A20B2C400F46FF6 /* ZFNetworkSpeedMonitor.m */ = {isa = PBXFileReference; fileEncoding = 4; lastKnownFileType = sourcecode.c.objc; path = ZFNetworkSpeedMonitor.m; sourceTree = "<group>"; };
		019441D52A20B2C400F46FF6 /* UIImageView+ZFCache.h */ = {isa = PBXFileReference; fileEncoding = 4; lastKnownFileType = sourcecode.c.h; path = "UIImageView+ZFCache.h"; sourceTree = "<group>"; };
		019441D62A20B2C400F46FF6 /* ZFPortraitControlView.h */ = {isa = PBXFileReference; fileEncoding = 4; lastKnownFileType = sourcecode.c.h; path = ZFPortraitControlView.h; sourceTree = "<group>"; };
		019441D72A20B2C400F46FF6 /* ZFAdView.h */ = {isa = PBXFileReference; fileEncoding = 4; lastKnownFileType = sourcecode.c.h; path = ZFAdView.h; sourceTree = "<group>"; };
		019441D82A20B2C400F46FF6 /* UIView+ZFFrame.h */ = {isa = PBXFileReference; fileEncoding = 4; lastKnownFileType = sourcecode.c.h; path = "UIView+ZFFrame.h"; sourceTree = "<group>"; };
		019441D92A20B2C400F46FF6 /* ZFUtilities.h */ = {isa = PBXFileReference; fileEncoding = 4; lastKnownFileType = sourcecode.c.h; path = ZFUtilities.h; sourceTree = "<group>"; };
		019441DA2A20B2C400F46FF6 /* ZFPresentActionManager.m */ = {isa = PBXFileReference; fileEncoding = 4; lastKnownFileType = sourcecode.c.objc; path = ZFPresentActionManager.m; sourceTree = "<group>"; };
		019441DB2A20B2C400F46FF6 /* ZFPresentStatusBar.m */ = {isa = PBXFileReference; fileEncoding = 4; lastKnownFileType = sourcecode.c.objc; path = ZFPresentStatusBar.m; sourceTree = "<group>"; };
		019441DC2A20B2C400F46FF6 /* ZFPresentControlView.m */ = {isa = PBXFileReference; fileEncoding = 4; lastKnownFileType = sourcecode.c.objc; path = ZFPresentControlView.m; sourceTree = "<group>"; };
		019441DD2A20B2C400F46FF6 /* ZFSpeedLaughView.h */ = {isa = PBXFileReference; fileEncoding = 4; lastKnownFileType = sourcecode.c.h; path = ZFSpeedLaughView.h; sourceTree = "<group>"; };
		019441DE2A20B2C400F46FF6 /* ZFAdManager.m */ = {isa = PBXFileReference; fileEncoding = 4; lastKnownFileType = sourcecode.c.objc; path = ZFAdManager.m; sourceTree = "<group>"; };
		019441DF2A20B2C400F46FF6 /* ZFVehicleBrightnessView.m */ = {isa = PBXFileReference; fileEncoding = 4; lastKnownFileType = sourcecode.c.objc; path = ZFVehicleBrightnessView.m; sourceTree = "<group>"; };
		019441E02A20B2C400F46FF6 /* ZFSliderView.m */ = {isa = PBXFileReference; fileEncoding = 4; lastKnownFileType = sourcecode.c.objc; path = ZFSliderView.m; sourceTree = "<group>"; };
		019441E12A20B2C400F46FF6 /* ZFSmallFloatControlView.m */ = {isa = PBXFileReference; fileEncoding = 4; lastKnownFileType = sourcecode.c.objc; path = ZFSmallFloatControlView.m; sourceTree = "<group>"; };
		019441E22A20B2C400F46FF6 /* ZFLoadingView.m */ = {isa = PBXFileReference; fileEncoding = 4; lastKnownFileType = sourcecode.c.objc; path = ZFLoadingView.m; sourceTree = "<group>"; };
		019441E32A20B2C400F46FF6 /* ZFAdView.m */ = {isa = PBXFileReference; fileEncoding = 4; lastKnownFileType = sourcecode.c.objc; path = ZFAdView.m; sourceTree = "<group>"; };
		019441E42A20B2C400F46FF6 /* ZFPortraitControlView.m */ = {isa = PBXFileReference; fileEncoding = 4; lastKnownFileType = sourcecode.c.objc; path = ZFPortraitControlView.m; sourceTree = "<group>"; };
		019441E52A20B2C400F46FF6 /* UIImageView+ZFCache.m */ = {isa = PBXFileReference; fileEncoding = 4; lastKnownFileType = sourcecode.c.objc; path = "UIImageView+ZFCache.m"; sourceTree = "<group>"; };
		019441E62A20B2C400F46FF6 /* ZFNetworkSpeedMonitor.h */ = {isa = PBXFileReference; fileEncoding = 4; lastKnownFileType = sourcecode.c.h; path = ZFNetworkSpeedMonitor.h; sourceTree = "<group>"; };
		019441E72A20B2C400F46FF6 /* ZFLightControlView.h */ = {isa = PBXFileReference; fileEncoding = 4; lastKnownFileType = sourcecode.c.h; path = ZFLightControlView.h; sourceTree = "<group>"; };
		019441E92A20B2C400F46FF6 /* ZFPresentNotification.h */ = {isa = PBXFileReference; fileEncoding = 4; lastKnownFileType = sourcecode.c.h; path = ZFPresentNotification.h; sourceTree = "<group>"; };
		019441EA2A20B2C400F46FF6 /* ZFPresentLogManager.m */ = {isa = PBXFileReference; fileEncoding = 4; lastKnownFileType = sourcecode.c.objc; path = ZFPresentLogManager.m; sourceTree = "<group>"; };
		019441EB2A20B2C400F46FF6 /* ZFLandscapeRotationManager_iOS16.h */ = {isa = PBXFileReference; fileEncoding = 4; lastKnownFileType = sourcecode.c.h; path = ZFLandscapeRotationManager_iOS16.h; sourceTree = "<group>"; };
		019441EC2A20B2C400F46FF6 /* UIScrollView+conditions.m */ = {isa = PBXFileReference; fileEncoding = 4; lastKnownFileType = sourcecode.c.objc; path = "UIScrollView+conditions.m"; sourceTree = "<group>"; };
		019441ED2A20B2C400F46FF6 /* ZFFloatView.h */ = {isa = PBXFileReference; fileEncoding = 4; lastKnownFileType = sourcecode.c.h; path = ZFFloatView.h; sourceTree = "<group>"; };
		019441EE2A20B2C400F46FF6 /* ZFPresentTransition.h */ = {isa = PBXFileReference; fileEncoding = 4; lastKnownFileType = sourcecode.c.h; path = ZFPresentTransition.h; sourceTree = "<group>"; };
		019441EF2A20B2C400F46FF6 /* ZFLandscapeWindow.m */ = {isa = PBXFileReference; fileEncoding = 4; lastKnownFileType = sourcecode.c.objc; path = ZFLandscapeWindow.m; sourceTree = "<group>"; };
		019441F02A20B2C400F46FF6 /* ZFAutoScrollLabel.h */ = {isa = PBXFileReference; fileEncoding = 4; lastKnownFileType = sourcecode.c.h; path = ZFAutoScrollLabel.h; sourceTree = "<group>"; };
		019441F12A20B2C400F46FF6 /* ZFKVOController.h */ = {isa = PBXFileReference; fileEncoding = 4; lastKnownFileType = sourcecode.c.h; path = ZFKVOController.h; sourceTree = "<group>"; };
		019441F22A20B2C400F46FF6 /* ZFPresentView.m */ = {isa = PBXFileReference; fileEncoding = 4; lastKnownFileType = sourcecode.c.objc; path = ZFPresentView.m; sourceTree = "<group>"; };
		019441F32A20B2C400F46FF6 /* ZFLandscapeViewController.h */ = {isa = PBXFileReference; fileEncoding = 4; lastKnownFileType = sourcecode.c.h; path = ZFLandscapeViewController.h; sourceTree = "<group>"; };
		019441F42A20B2C400F46FF6 /* ZFLandscapeViewController_iOS15.h */ = {isa = PBXFileReference; fileEncoding = 4; lastKnownFileType = sourcecode.c.h; path = ZFLandscapeViewController_iOS15.h; sourceTree = "<group>"; };
		019441F52A20B2C400F46FF6 /* ZFOrientationObserver.m */ = {isa = PBXFileReference; fileEncoding = 4; lastKnownFileType = sourcecode.c.objc; path = ZFOrientationObserver.m; sourceTree = "<group>"; };
		019441F62A20B2C400F46FF6 /* ZFPortraitViewController.h */ = {isa = PBXFileReference; fileEncoding = 4; lastKnownFileType = sourcecode.c.h; path = ZFPortraitViewController.h; sourceTree = "<group>"; };
		019441F72A20B2C400F46FF6 /* ZFPresentGestureControl.m */ = {isa = PBXFileReference; fileEncoding = 4; lastKnownFileType = sourcecode.c.objc; path = ZFPresentGestureControl.m; sourceTree = "<group>"; };
		019441F82A20B2C400F46FF6 /* ZFLandscapeRotationManager.m */ = {isa = PBXFileReference; fileEncoding = 4; lastKnownFileType = sourcecode.c.objc; path = ZFLandscapeRotationManager.m; sourceTree = "<group>"; };
		019441F92A20B2C400F46FF6 /* ZFLandscapeRotationManager_iOS15.h */ = {isa = PBXFileReference; fileEncoding = 4; lastKnownFileType = sourcecode.c.h; path = ZFLandscapeRotationManager_iOS15.h; sourceTree = "<group>"; };
		019441FA2A20B2C400F46FF6 /* ZFPersentInteractiveTransition.m */ = {isa = PBXFileReference; fileEncoding = 4; lastKnownFileType = sourcecode.c.objc; path = ZFPersentInteractiveTransition.m; sourceTree = "<group>"; };
		019441FB2A20B2C400F46FF6 /* ZFReachabilityManager.h */ = {isa = PBXFileReference; fileEncoding = 4; lastKnownFileType = sourcecode.c.h; path = ZFReachabilityManager.h; sourceTree = "<group>"; };
		019441FC2A20B2C400F46FF6 /* ZFPresentController.m */ = {isa = PBXFileReference; fileEncoding = 4; lastKnownFileType = sourcecode.c.objc; path = ZFPresentController.m; sourceTree = "<group>"; };
		019441FD2A20B2C400F46FF6 /* ZFPresentStateWithback.h */ = {isa = PBXFileReference; fileEncoding = 4; lastKnownFileType = sourcecode.c.h; path = ZFPresentStateWithback.h; sourceTree = "<group>"; };
		019441FE2A20B2C400F46FF6 /* ZFPresentNotification.m */ = {isa = PBXFileReference; fileEncoding = 4; lastKnownFileType = sourcecode.c.objc; path = ZFPresentNotification.m; sourceTree = "<group>"; };
		019441FF2A20B2C400F46FF6 /* ZFPresentLogManager.h */ = {isa = PBXFileReference; fileEncoding = 4; lastKnownFileType = sourcecode.c.h; path = ZFPresentLogManager.h; sourceTree = "<group>"; };
		019442002A20B2C400F46FF6 /* ZFPresentTransition.m */ = {isa = PBXFileReference; fileEncoding = 4; lastKnownFileType = sourcecode.c.objc; path = ZFPresentTransition.m; sourceTree = "<group>"; };
		019442012A20B2C400F46FF6 /* ZFPrimaryStage.h */ = {isa = PBXFileReference; fileEncoding = 4; lastKnownFileType = sourcecode.c.h; path = ZFPrimaryStage.h; sourceTree = "<group>"; };
		019442022A20B2C400F46FF6 /* ZFFloatView.m */ = {isa = PBXFileReference; fileEncoding = 4; lastKnownFileType = sourcecode.c.objc; path = ZFFloatView.m; sourceTree = "<group>"; };
		019442032A20B2C400F46FF6 /* UIScrollView+conditions.h */ = {isa = PBXFileReference; fileEncoding = 4; lastKnownFileType = sourcecode.c.h; path = "UIScrollView+conditions.h"; sourceTree = "<group>"; };
		019442042A20B2C400F46FF6 /* ZFLandscapeRotationManager_iOS16.m */ = {isa = PBXFileReference; fileEncoding = 4; lastKnownFileType = sourcecode.c.objc; path = ZFLandscapeRotationManager_iOS16.m; sourceTree = "<group>"; };
		019442052A20B2C400F46FF6 /* ZFPortraitViewController.m */ = {isa = PBXFileReference; fileEncoding = 4; lastKnownFileType = sourcecode.c.objc; path = ZFPortraitViewController.m; sourceTree = "<group>"; };
		019442062A20B2C400F46FF6 /* ZFPresentGestureControl.h */ = {isa = PBXFileReference; fileEncoding = 4; lastKnownFileType = sourcecode.c.h; path = ZFPresentGestureControl.h; sourceTree = "<group>"; };
		019442072A20B2C400F46FF6 /* ZFOrientationObserver.h */ = {isa = PBXFileReference; fileEncoding = 4; lastKnownFileType = sourcecode.c.h; path = ZFOrientationObserver.h; sourceTree = "<group>"; };
		019442082A20B2C400F46FF6 /* ZFLandscapeViewController_iOS15.m */ = {isa = PBXFileReference; fileEncoding = 4; lastKnownFileType = sourcecode.c.objc; path = ZFLandscapeViewController_iOS15.m; sourceTree = "<group>"; };
		019442092A20B2C400F46FF6 /* ZFPresentView.h */ = {isa = PBXFileReference; fileEncoding = 4; lastKnownFileType = sourcecode.c.h; path = ZFPresentView.h; sourceTree = "<group>"; };
		0194420A2A20B2C400F46FF6 /* ZFKVOController.m */ = {isa = PBXFileReference; fileEncoding = 4; lastKnownFileType = sourcecode.c.objc; path = ZFKVOController.m; sourceTree = "<group>"; };
		0194420B2A20B2C400F46FF6 /* ZFLandscapeViewController.m */ = {isa = PBXFileReference; fileEncoding = 4; lastKnownFileType = sourcecode.c.objc; path = ZFLandscapeViewController.m; sourceTree = "<group>"; };
		0194420C2A20B2C400F46FF6 /* ZFAutoScrollLabel.m */ = {isa = PBXFileReference; fileEncoding = 4; lastKnownFileType = sourcecode.c.objc; path = ZFAutoScrollLabel.m; sourceTree = "<group>"; };
		0194420D2A20B2C400F46FF6 /* ZFLandscapeWindow.h */ = {isa = PBXFileReference; fileEncoding = 4; lastKnownFileType = sourcecode.c.h; path = ZFLandscapeWindow.h; sourceTree = "<group>"; };
		0194420E2A20B2C400F46FF6 /* ZFPresentController.h */ = {isa = PBXFileReference; fileEncoding = 4; lastKnownFileType = sourcecode.c.h; path = ZFPresentController.h; sourceTree = "<group>"; };
		0194420F2A20B2C400F46FF6 /* ZFReachabilityManager.m */ = {isa = PBXFileReference; fileEncoding = 4; lastKnownFileType = sourcecode.c.objc; path = ZFReachabilityManager.m; sourceTree = "<group>"; };
		019442102A20B2C400F46FF6 /* ZFPersentInteractiveTransition.h */ = {isa = PBXFileReference; fileEncoding = 4; lastKnownFileType = sourcecode.c.h; path = ZFPersentInteractiveTransition.h; sourceTree = "<group>"; };
		019442112A20B2C400F46FF6 /* ZFLandscapeRotationManager_iOS15.m */ = {isa = PBXFileReference; fileEncoding = 4; lastKnownFileType = sourcecode.c.objc; path = ZFLandscapeRotationManager_iOS15.m; sourceTree = "<group>"; };
		019442122A20B2C400F46FF6 /* ZFPrimaryViewControl.h */ = {isa = PBXFileReference; fileEncoding = 4; lastKnownFileType = sourcecode.c.h; path = ZFPrimaryViewControl.h; sourceTree = "<group>"; };
		019442132A20B2C400F46FF6 /* ZFPrimaryConst.h */ = {isa = PBXFileReference; fileEncoding = 4; lastKnownFileType = sourcecode.c.h; path = ZFPrimaryConst.h; sourceTree = "<group>"; };
		019442142A20B2C400F46FF6 /* ZFLandscapeRotationManager.h */ = {isa = PBXFileReference; fileEncoding = 4; lastKnownFileType = sourcecode.c.h; path = ZFLandscapeRotationManager.h; sourceTree = "<group>"; };
		019442152A20B2C400F46FF6 /* ZFPlayer.bundle */ = {isa = PBXFileReference; lastKnownFileType = "wrapper.plug-in"; path = ZFPlayer.bundle; sourceTree = "<group>"; };
		C2D9D9B815B0449D9FC9397D /* libPods-ZFTemporary.a */ = {isa = PBXFileReference; explicitFileType = archive.ar; includeInIndex = 0; path = "libPods-ZFTemporary.a"; sourceTree = BUILT_PRODUCTS_DIR; };
		CA1E5D91FFF5EF9B1CD12F82 /* Pods-ZFTemporary.release.xcconfig */ = {isa = PBXFileReference; includeInIndex = 1; lastKnownFileType = text.xcconfig; name = "Pods-ZFTemporary.release.xcconfig"; path = "Target Support Files/Pods-ZFTemporary/Pods-ZFTemporary.release.xcconfig"; sourceTree = "<group>"; };
		E4443F4F67633DE8319F4F30 /* Pods-ZFTemporary.debug.xcconfig */ = {isa = PBXFileReference; includeInIndex = 1; lastKnownFileType = text.xcconfig; name = "Pods-ZFTemporary.debug.xcconfig"; path = "Target Support Files/Pods-ZFTemporary/Pods-ZFTemporary.debug.xcconfig"; sourceTree = "<group>"; };
/* End PBXFileReference section */

/* Begin PBXFrameworksBuildPhase section */
		0155AA9F2A174FA40057F3B6 /* Frameworks */ = {
			isa = PBXFrameworksBuildPhase;
			buildActionMask = 2147483647;
			files = (
				F29A86C7DF07FB1531C6E21D /* libPods-ZFTemporary.a in Frameworks */,
			);
			runOnlyForDeploymentPostprocessing = 0;
		};
/* End PBXFrameworksBuildPhase section */

/* Begin PBXGroup section */
		0155AA992A174FA40057F3B6 = {
			isa = PBXGroup;
			children = (
				0155AAA42A174FA40057F3B6 /* ZFTemporary */,
				0155AAA32A174FA40057F3B6 /* Products */,
				C736A1487269D2337D4C83D7 /* Pods */,
				E383680CB9D64892896F5F09 /* Frameworks */,
			);
			sourceTree = "<group>";
		};
		0155AAA32A174FA40057F3B6 /* Products */ = {
			isa = PBXGroup;
			children = (
				0155AAA22A174FA40057F3B6 /* ZFTemporary.app */,
			);
			name = Products;
			sourceTree = "<group>";
		};
		0155AAA42A174FA40057F3B6 /* ZFTemporary */ = {
			isa = PBXGroup;
			children = (
				0155AABE2A174FD60057F3B6 /* Classes */,
				0155AAA52A174FA40057F3B6 /* AppDelegate.h */,
				0155AAA62A174FA40057F3B6 /* AppDelegate.m */,
				0155AAAB2A174FA40057F3B6 /* ViewController.h */,
				0155AAAC2A174FA40057F3B6 /* ViewController.m */,
				0155AAAE2A174FA40057F3B6 /* Main.storyboard */,
				0155AAB12A174FA60057F3B6 /* Assets.xcassets */,
				0155AAB32A174FA60057F3B6 /* LaunchScreen.storyboard */,
				0155AAB62A174FA60057F3B6 /* Info.plist */,
				0155AAB72A174FA60057F3B6 /* main.m */,
			);
			path = ZFTemporary;
			sourceTree = "<group>";
		};
		0155AABE2A174FD60057F3B6 /* Classes */ = {
			isa = PBXGroup;
			children = (
				019441C62A20B2C400F46FF6 /* ControlView */,
				019441E82A20B2C400F46FF6 /* Core */,
				019442152A20B2C400F46FF6 /* ZFPlayer.bundle */,
			);
			path = Classes;
			sourceTree = "<group>";
		};
		019441C62A20B2C400F46FF6 /* ControlView */ = {
			isa = PBXGroup;
			children = (
				019441D52A20B2C400F46FF6 /* UIImageView+ZFCache.h */,
				019441E52A20B2C400F46FF6 /* UIImageView+ZFCache.m */,
				019441D82A20B2C400F46FF6 /* UIView+ZFFrame.h */,
				019441CB2A20B2C400F46FF6 /* UIView+ZFFrame.m */,
				019441CF2A20B2C400F46FF6 /* ZFAdManager.h */,
				019441DE2A20B2C400F46FF6 /* ZFAdManager.m */,
				019441D22A20B2C400F46FF6 /* ZFAdModelProtocol.h */,
				019441D72A20B2C400F46FF6 /* ZFAdView.h */,
				019441E32A20B2C400F46FF6 /* ZFAdView.m */,
				019441E72A20B2C400F46FF6 /* ZFLightControlView.h */,
				019441D32A20B2C400F46FF6 /* ZFLightControlView.m */,
				019441D12A20B2C400F46FF6 /* ZFLoadingView.h */,
				019441E22A20B2C400F46FF6 /* ZFLoadingView.m */,
				019441E62A20B2C400F46FF6 /* ZFNetworkSpeedMonitor.h */,
				019441D42A20B2C400F46FF6 /* ZFNetworkSpeedMonitor.m */,
				019441D62A20B2C400F46FF6 /* ZFPortraitControlView.h */,
				019441E42A20B2C400F46FF6 /* ZFPortraitControlView.m */,
				019441C92A20B2C400F46FF6 /* ZFPresentActionManager.h */,
				019441DA2A20B2C400F46FF6 /* ZFPresentActionManager.m */,
				019441C72A20B2C400F46FF6 /* ZFPresentControlView.h */,
				019441DC2A20B2C400F46FF6 /* ZFPresentControlView.m */,
				019441C82A20B2C400F46FF6 /* ZFPresentStatusBar.h */,
				019441DB2A20B2C400F46FF6 /* ZFPresentStatusBar.m */,
				019441CD2A20B2C400F46FF6 /* ZFSliderView.h */,
				019441E02A20B2C400F46FF6 /* ZFSliderView.m */,
				019441CC2A20B2C400F46FF6 /* ZFSmallFloatControlView.h */,
				019441E12A20B2C400F46FF6 /* ZFSmallFloatControlView.m */,
				019441DD2A20B2C400F46FF6 /* ZFSpeedLaughView.h */,
				019441D02A20B2C400F46FF6 /* ZFSpeedLaughView.m */,
				019441D92A20B2C400F46FF6 /* ZFUtilities.h */,
				019441CA2A20B2C400F46FF6 /* ZFUtilities.m */,
				019441CE2A20B2C400F46FF6 /* ZFVehicleBrightnessView.h */,
				019441DF2A20B2C400F46FF6 /* ZFVehicleBrightnessView.m */,
			);
			path = ControlView;
			sourceTree = "<group>";
		};
		019441E82A20B2C400F46FF6 /* Core */ = {
			isa = PBXGroup;
			children = (
				019441F02A20B2C400F46FF6 /* ZFAutoScrollLabel.h */,
				0194420C2A20B2C400F46FF6 /* ZFAutoScrollLabel.m */,
				019442032A20B2C400F46FF6 /* UIScrollView+conditions.h */,
				019441EC2A20B2C400F46FF6 /* UIScrollView+conditions.m */,
				019441ED2A20B2C400F46FF6 /* ZFFloatView.h */,
				019442022A20B2C400F46FF6 /* ZFFloatView.m */,
				019441F12A20B2C400F46FF6 /* ZFKVOController.h */,
				0194420A2A20B2C400F46FF6 /* ZFKVOController.m */,
				019441F92A20B2C400F46FF6 /* ZFLandscapeRotationManager_iOS15.h */,
				019442112A20B2C400F46FF6 /* ZFLandscapeRotationManager_iOS15.m */,
				019441EB2A20B2C400F46FF6 /* ZFLandscapeRotationManager_iOS16.h */,
				019442042A20B2C400F46FF6 /* ZFLandscapeRotationManager_iOS16.m */,
				019442142A20B2C400F46FF6 /* ZFLandscapeRotationManager.h */,
				019441F82A20B2C400F46FF6 /* ZFLandscapeRotationManager.m */,
				019441F42A20B2C400F46FF6 /* ZFLandscapeViewController_iOS15.h */,
				019442082A20B2C400F46FF6 /* ZFLandscapeViewController_iOS15.m */,
				019441F32A20B2C400F46FF6 /* ZFLandscapeViewController.h */,
				0194420B2A20B2C400F46FF6 /* ZFLandscapeViewController.m */,
				0194420D2A20B2C400F46FF6 /* ZFLandscapeWindow.h */,
				019441EF2A20B2C400F46FF6 /* ZFLandscapeWindow.m */,
				019442072A20B2C400F46FF6 /* ZFOrientationObserver.h */,
				019441F52A20B2C400F46FF6 /* ZFOrientationObserver.m */,
				019442102A20B2C400F46FF6 /* ZFPersentInteractiveTransition.h */,
				019441FA2A20B2C400F46FF6 /* ZFPersentInteractiveTransition.m */,
				019441F62A20B2C400F46FF6 /* ZFPortraitViewController.h */,
				019442052A20B2C400F46FF6 /* ZFPortraitViewController.m */,
				0194420E2A20B2C400F46FF6 /* ZFPresentController.h */,
				019441FC2A20B2C400F46FF6 /* ZFPresentController.m */,
				019442062A20B2C400F46FF6 /* ZFPresentGestureControl.h */,
				019441F72A20B2C400F46FF6 /* ZFPresentGestureControl.m */,
				019441FF2A20B2C400F46FF6 /* ZFPresentLogManager.h */,
				019441EA2A20B2C400F46FF6 /* ZFPresentLogManager.m */,
				019441E92A20B2C400F46FF6 /* ZFPresentNotification.h */,
				019441FE2A20B2C400F46FF6 /* ZFPresentNotification.m */,
				019441FD2A20B2C400F46FF6 /* ZFPresentStateWithback.h */,
				019441EE2A20B2C400F46FF6 /* ZFPresentTransition.h */,
				019442002A20B2C400F46FF6 /* ZFPresentTransition.m */,
				019442092A20B2C400F46FF6 /* ZFPresentView.h */,
				019441F22A20B2C400F46FF6 /* ZFPresentView.m */,
				019442132A20B2C400F46FF6 /* ZFPrimaryConst.h */,
				019442012A20B2C400F46FF6 /* ZFPrimaryStage.h */,
				019442122A20B2C400F46FF6 /* ZFPrimaryViewControl.h */,
				019441FB2A20B2C400F46FF6 /* ZFReachabilityManager.h */,
				0194420F2A20B2C400F46FF6 /* ZFReachabilityManager.m */,
			);
			path = Core;
			sourceTree = "<group>";
		};
		C736A1487269D2337D4C83D7 /* Pods */ = {
			isa = PBXGroup;
			children = (
				E4443F4F67633DE8319F4F30 /* Pods-ZFTemporary.debug.xcconfig */,
				CA1E5D91FFF5EF9B1CD12F82 /* Pods-ZFTemporary.release.xcconfig */,
			);
			path = Pods;
			sourceTree = "<group>";
		};
		E383680CB9D64892896F5F09 /* Frameworks */ = {
			isa = PBXGroup;
			children = (
				C2D9D9B815B0449D9FC9397D /* libPods-ZFTemporary.a */,
			);
			name = Frameworks;
			sourceTree = "<group>";
		};
/* End PBXGroup section */

/* Begin PBXNativeTarget section */
		0155AAA12A174FA40057F3B6 /* ZFTemporary */ = {
			isa = PBXNativeTarget;
			buildConfigurationList = 0155AABB2A174FA60057F3B6 /* Build configuration list for PBXNativeTarget "ZFTemporary" */;
			buildPhases = (
				906B2E2410E5CA67E0142004 /* [CP] Check Pods Manifest.lock */,
				0155AA9E2A174FA40057F3B6 /* Sources */,
				0155AA9F2A174FA40057F3B6 /* Frameworks */,
				0155AAA02A174FA40057F3B6 /* Resources */,
			);
			buildRules = (
			);
			dependencies = (
			);
			name = ZFTemporary;
			productName = ZFTemporary;
			productReference = 0155AAA22A174FA40057F3B6 /* ZFTemporary.app */;
			productType = "com.apple.product-type.application";
		};
/* End PBXNativeTarget section */

/* Begin PBXProject section */
		0155AA9A2A174FA40057F3B6 /* Project object */ = {
			isa = PBXProject;
			attributes = {
				BuildIndependentTargetsInParallel = 1;
				LastUpgradeCheck = 1430;
				TargetAttributes = {
					0155AAA12A174FA40057F3B6 = {
						CreatedOnToolsVersion = 14.3;
					};
				};
			};
			buildConfigurationList = 0155AA9D2A174FA40057F3B6 /* Build configuration list for PBXProject "ZFTemporary" */;
			compatibilityVersion = "Xcode 14.0";
			developmentRegion = en;
			hasScannedForEncodings = 0;
			knownRegions = (
				en,
				Base,
			);
			mainGroup = 0155AA992A174FA40057F3B6;
			productRefGroup = 0155AAA32A174FA40057F3B6 /* Products */;
			projectDirPath = "";
			projectRoot = "";
			targets = (
				0155AAA12A174FA40057F3B6 /* ZFTemporary */,
			);
		};
/* End PBXProject section */

/* Begin PBXResourcesBuildPhase section */
		0155AAA02A174FA40057F3B6 /* Resources */ = {
			isa = PBXResourcesBuildPhase;
			buildActionMask = 2147483647;
			files = (
				0194423A2A20B2C400F46FF6 /* ZFPlayer.bundle in Resources */,
				0155AAB52A174FA60057F3B6 /* LaunchScreen.storyboard in Resources */,
				0155AAB22A174FA60057F3B6 /* Assets.xcassets in Resources */,
				0155AAB02A174FA40057F3B6 /* Main.storyboard in Resources */,
			);
			runOnlyForDeploymentPostprocessing = 0;
		};
/* End PBXResourcesBuildPhase section */

/* Begin PBXShellScriptBuildPhase section */
		906B2E2410E5CA67E0142004 /* [CP] Check Pods Manifest.lock */ = {
			isa = PBXShellScriptBuildPhase;
			buildActionMask = 2147483647;
			files = (
			);
			inputFileListPaths = (
			);
			inputPaths = (
				"${PODS_PODFILE_DIR_PATH}/Podfile.lock",
				"${PODS_ROOT}/Manifest.lock",
			);
			name = "[CP] Check Pods Manifest.lock";
			outputFileListPaths = (
			);
			outputPaths = (
				"$(DERIVED_FILE_DIR)/Pods-ZFTemporary-checkManifestLockResult.txt",
			);
			runOnlyForDeploymentPostprocessing = 0;
			shellPath = /bin/sh;
			shellScript = "diff \"${PODS_PODFILE_DIR_PATH}/Podfile.lock\" \"${PODS_ROOT}/Manifest.lock\" > /dev/null\nif [ $? != 0 ] ; then\n    # print error to STDERR\n    echo \"error: The sandbox is not in sync with the Podfile.lock. Run 'pod install' or update your CocoaPods installation.\" >&2\n    exit 1\nfi\n# This output is used by Xcode 'outputs' to avoid re-running this script phase.\necho \"SUCCESS\" > \"${SCRIPT_OUTPUT_FILE_0}\"\n";
			showEnvVarsInLog = 0;
		};
/* End PBXShellScriptBuildPhase section */

/* Begin PBXSourcesBuildPhase section */
		0155AA9E2A174FA40057F3B6 /* Sources */ = {
			isa = PBXSourcesBuildPhase;
			buildActionMask = 2147483647;
			files = (
				019442162A20B2C400F46FF6 /* ZFUtilities.m in Sources */,
				019442202A20B2C400F46FF6 /* ZFSliderView.m in Sources */,
				019442342A20B2C400F46FF6 /* ZFLandscapeViewController_iOS15.m in Sources */,
				0155AAAD2A174FA40057F3B6 /* ViewController.m in Sources */,
				019442242A20B2C400F46FF6 /* ZFPortraitControlView.m in Sources */,
				019442222A20B2C400F46FF6 /* ZFLoadingView.m in Sources */,
				019442172A20B2C400F46FF6 /* UIView+ZFFrame.m in Sources */,
				019442352A20B2C400F46FF6 /* ZFKVOController.m in Sources */,
				0155AAA72A174FA40057F3B6 /* AppDelegate.m in Sources */,
				019442292A20B2C400F46FF6 /* ZFPresentView.m in Sources */,
				019442312A20B2C400F46FF6 /* ZFFloatView.m in Sources */,
				019442252A20B2C400F46FF6 /* UIImageView+ZFCache.m in Sources */,
				019442362A20B2C400F46FF6 /* ZFLandscapeViewController.m in Sources */,
				019442232A20B2C400F46FF6 /* ZFAdView.m in Sources */,
				019442382A20B2C400F46FF6 /* ZFReachabilityManager.m in Sources */,
				019442302A20B2C400F46FF6 /* ZFPresentTransition.m in Sources */,
				0194421E2A20B2C400F46FF6 /* ZFAdManager.m in Sources */,
				019442182A20B2C400F46FF6 /* ZFSpeedLaughView.m in Sources */,
				0194421C2A20B2C400F46FF6 /* ZFPresentStatusBar.m in Sources */,
				0194421A2A20B2C400F46FF6 /* ZFNetworkSpeedMonitor.m in Sources */,
				0194422F2A20B2C400F46FF6 /* ZFPresentNotification.m in Sources */,
				019442392A20B2C400F46FF6 /* ZFLandscapeRotationManager_iOS15.m in Sources */,
				0155AAB82A174FA60057F3B6 /* main.m in Sources */,
				0194422B2A20B2C400F46FF6 /* ZFPresentGestureControl.m in Sources */,
				019442262A20B2C400F46FF6 /* ZFPresentLogManager.m in Sources */,
				019442322A20B2C400F46FF6 /* ZFLandscapeRotationManager_iOS16.m in Sources */,
				019442282A20B2C400F46FF6 /* ZFLandscapeWindow.m in Sources */,
				0194421B2A20B2C400F46FF6 /* ZFPresentActionManager.m in Sources */,
				019442372A20B2C400F46FF6 /* ZFAutoScrollLabel.m in Sources */,
				019442192A20B2C400F46FF6 /* ZFLightControlView.m in Sources */,
				019442212A20B2C400F46FF6 /* ZFSmallFloatControlView.m in Sources */,
				0194422E2A20B2C400F46FF6 /* ZFPresentController.m in Sources */,
				019442332A20B2C400F46FF6 /* ZFPortraitViewController.m in Sources */,
				0194421D2A20B2C400F46FF6 /* ZFPresentControlView.m in Sources */,
				019442272A20B2C400F46FF6 /* UIScrollView+conditions.m in Sources */,
				0194422D2A20B2C400F46FF6 /* ZFPersentInteractiveTransition.m in Sources */,
				0194422A2A20B2C400F46FF6 /* ZFOrientationObserver.m in Sources */,
				0194421F2A20B2C400F46FF6 /* ZFVehicleBrightnessView.m in Sources */,
				0194422C2A20B2C400F46FF6 /* ZFLandscapeRotationManager.m in Sources */,
			);
			runOnlyForDeploymentPostprocessing = 0;
		};
/* End PBXSourcesBuildPhase section */

/* Begin PBXVariantGroup section */
		0155AAAE2A174FA40057F3B6 /* Main.storyboard */ = {
			isa = PBXVariantGroup;
			children = (
				0155AAAF2A174FA40057F3B6 /* Base */,
			);
			name = Main.storyboard;
			sourceTree = "<group>";
		};
		0155AAB32A174FA60057F3B6 /* LaunchScreen.storyboard */ = {
			isa = PBXVariantGroup;
			children = (
				0155AAB42A174FA60057F3B6 /* Base */,
			);
			name = LaunchScreen.storyboard;
			sourceTree = "<group>";
		};
/* End PBXVariantGroup section */

/* Begin XCBuildConfiguration section */
		0155AAB92A174FA60057F3B6 /* Debug */ = {
			isa = XCBuildConfiguration;
			buildSettings = {
				ALWAYS_SEARCH_USER_PATHS = NO;
				CLANG_ANALYZER_NONNULL = YES;
				CLANG_ANALYZER_NUMBER_OBJECT_CONVERSION = YES_AGGRESSIVE;
				CLANG_CXX_LANGUAGE_STANDARD = "gnu++20";
				CLANG_ENABLE_MODULES = YES;
				CLANG_ENABLE_OBJC_ARC = YES;
				CLANG_ENABLE_OBJC_WEAK = YES;
				CLANG_WARN_BLOCK_CAPTURE_AUTORELEASING = YES;
				CLANG_WARN_BOOL_CONVERSION = YES;
				CLANG_WARN_COMMA = YES;
				CLANG_WARN_CONSTANT_CONVERSION = YES;
				CLANG_WARN_DEPRECATED_OBJC_IMPLEMENTATIONS = YES;
				CLANG_WARN_DIRECT_OBJC_ISA_USAGE = YES_ERROR;
				CLANG_WARN_DOCUMENTATION_COMMENTS = YES;
				CLANG_WARN_EMPTY_BODY = YES;
				CLANG_WARN_ENUM_CONVERSION = YES;
				CLANG_WARN_INFINITE_RECURSION = YES;
				CLANG_WARN_INT_CONVERSION = YES;
				CLANG_WARN_NON_LITERAL_NULL_CONVERSION = YES;
				CLANG_WARN_OBJC_IMPLICIT_RETAIN_SELF = YES;
				CLANG_WARN_OBJC_LITERAL_CONVERSION = YES;
				CLANG_WARN_OBJC_ROOT_CLASS = YES_ERROR;
				CLANG_WARN_QUOTED_INCLUDE_IN_FRAMEWORK_HEADER = YES;
				CLANG_WARN_RANGE_LOOP_ANALYSIS = YES;
				CLANG_WARN_STRICT_PROTOTYPES = YES;
				CLANG_WARN_SUSPICIOUS_MOVE = YES;
				CLANG_WARN_UNGUARDED_AVAILABILITY = YES_AGGRESSIVE;
				CLANG_WARN_UNREACHABLE_CODE = YES;
				CLANG_WARN__DUPLICATE_METHOD_MATCH = YES;
				COPY_PHASE_STRIP = NO;
				DEBUG_INFORMATION_FORMAT = dwarf;
				ENABLE_STRICT_OBJC_MSGSEND = YES;
				ENABLE_TESTABILITY = YES;
				GCC_C_LANGUAGE_STANDARD = gnu11;
				GCC_DYNAMIC_NO_PIC = NO;
				GCC_NO_COMMON_BLOCKS = YES;
				GCC_OPTIMIZATION_LEVEL = 0;
				GCC_PREPROCESSOR_DEFINITIONS = (
					"DEBUG=1",
					"$(inherited)",
				);
				GCC_WARN_64_TO_32_BIT_CONVERSION = YES;
				GCC_WARN_ABOUT_RETURN_TYPE = YES_ERROR;
				GCC_WARN_UNDECLARED_SELECTOR = YES;
				GCC_WARN_UNINITIALIZED_AUTOS = YES_AGGRESSIVE;
				GCC_WARN_UNUSED_FUNCTION = YES;
				GCC_WARN_UNUSED_VARIABLE = YES;
				IPHONEOS_DEPLOYMENT_TARGET = 16.4;
				MTL_ENABLE_DEBUG_INFO = INCLUDE_SOURCE;
				MTL_FAST_MATH = YES;
				ONLY_ACTIVE_ARCH = YES;
				SDKROOT = iphoneos;
			};
			name = Debug;
		};
		0155AABA2A174FA60057F3B6 /* Release */ = {
			isa = XCBuildConfiguration;
			buildSettings = {
				ALWAYS_SEARCH_USER_PATHS = NO;
				CLANG_ANALYZER_NONNULL = YES;
				CLANG_ANALYZER_NUMBER_OBJECT_CONVERSION = YES_AGGRESSIVE;
				CLANG_CXX_LANGUAGE_STANDARD = "gnu++20";
				CLANG_ENABLE_MODULES = YES;
				CLANG_ENABLE_OBJC_ARC = YES;
				CLANG_ENABLE_OBJC_WEAK = YES;
				CLANG_WARN_BLOCK_CAPTURE_AUTORELEASING = YES;
				CLANG_WARN_BOOL_CONVERSION = YES;
				CLANG_WARN_COMMA = YES;
				CLANG_WARN_CONSTANT_CONVERSION = YES;
				CLANG_WARN_DEPRECATED_OBJC_IMPLEMENTATIONS = YES;
				CLANG_WARN_DIRECT_OBJC_ISA_USAGE = YES_ERROR;
				CLANG_WARN_DOCUMENTATION_COMMENTS = YES;
				CLANG_WARN_EMPTY_BODY = YES;
				CLANG_WARN_ENUM_CONVERSION = YES;
				CLANG_WARN_INFINITE_RECURSION = YES;
				CLANG_WARN_INT_CONVERSION = YES;
				CLANG_WARN_NON_LITERAL_NULL_CONVERSION = YES;
				CLANG_WARN_OBJC_IMPLICIT_RETAIN_SELF = YES;
				CLANG_WARN_OBJC_LITERAL_CONVERSION = YES;
				CLANG_WARN_OBJC_ROOT_CLASS = YES_ERROR;
				CLANG_WARN_QUOTED_INCLUDE_IN_FRAMEWORK_HEADER = YES;
				CLANG_WARN_RANGE_LOOP_ANALYSIS = YES;
				CLANG_WARN_STRICT_PROTOTYPES = YES;
				CLANG_WARN_SUSPICIOUS_MOVE = YES;
				CLANG_WARN_UNGUARDED_AVAILABILITY = YES_AGGRESSIVE;
				CLANG_WARN_UNREACHABLE_CODE = YES;
				CLANG_WARN__DUPLICATE_METHOD_MATCH = YES;
				COPY_PHASE_STRIP = NO;
				DEBUG_INFORMATION_FORMAT = "dwarf-with-dsym";
				ENABLE_NS_ASSERTIONS = NO;
				ENABLE_STRICT_OBJC_MSGSEND = YES;
				GCC_C_LANGUAGE_STANDARD = gnu11;
				GCC_NO_COMMON_BLOCKS = YES;
				GCC_WARN_64_TO_32_BIT_CONVERSION = YES;
				GCC_WARN_ABOUT_RETURN_TYPE = YES_ERROR;
				GCC_WARN_UNDECLARED_SELECTOR = YES;
				GCC_WARN_UNINITIALIZED_AUTOS = YES_AGGRESSIVE;
				GCC_WARN_UNUSED_FUNCTION = YES;
				GCC_WARN_UNUSED_VARIABLE = YES;
				IPHONEOS_DEPLOYMENT_TARGET = 16.4;
				MTL_ENABLE_DEBUG_INFO = NO;
				MTL_FAST_MATH = YES;
				SDKROOT = iphoneos;
				VALIDATE_PRODUCT = YES;
			};
			name = Release;
		};
		0155AABC2A174FA60057F3B6 /* Debug */ = {
			isa = XCBuildConfiguration;
			baseConfigurationReference = E4443F4F67633DE8319F4F30 /* Pods-ZFTemporary.debug.xcconfig */;
			buildSettings = {
				ASSETCATALOG_COMPILER_APPICON_NAME = AppIcon;
				ASSETCATALOG_COMPILER_GLOBAL_ACCENT_COLOR_NAME = AccentColor;
				CODE_SIGN_STYLE = Automatic;
				CURRENT_PROJECT_VERSION = 1;
				GENERATE_INFOPLIST_FILE = YES;
				INFOPLIST_FILE = ZFTemporary/Info.plist;
				INFOPLIST_KEY_UIApplicationSupportsIndirectInputEvents = YES;
				INFOPLIST_KEY_UILaunchStoryboardName = LaunchScreen;
				INFOPLIST_KEY_UIMainStoryboardFile = Main;
				INFOPLIST_KEY_UIRequiresFullScreen = YES;
				INFOPLIST_KEY_UISupportedInterfaceOrientations = "UIInterfaceOrientationLandscapeLeft UIInterfaceOrientationLandscapeRight UIInterfaceOrientationPortrait";
				IPHONEOS_DEPLOYMENT_TARGET = 12.0;
				LD_RUNPATH_SEARCH_PATHS = (
					"$(inherited)",
					"@executable_path/Frameworks",
				);
				MARKETING_VERSION = 1.0;
				PRODUCT_BUNDLE_IDENTIFIER = WhiteWhaleTech.ZFTemporary;
				PRODUCT_NAME = "$(TARGET_NAME)";
				SWIFT_EMIT_LOC_STRINGS = YES;
				TARGETED_DEVICE_FAMILY = "1,2";
			};
			name = Debug;
		};
		0155AABD2A174FA60057F3B6 /* Release */ = {
			isa = XCBuildConfiguration;
			baseConfigurationReference = CA1E5D91FFF5EF9B1CD12F82 /* Pods-ZFTemporary.release.xcconfig */;
			buildSettings = {
				ASSETCATALOG_COMPILER_APPICON_NAME = AppIcon;
				ASSETCATALOG_COMPILER_GLOBAL_ACCENT_COLOR_NAME = AccentColor;
				CODE_SIGN_STYLE = Automatic;
				CURRENT_PROJECT_VERSION = 1;
				GENERATE_INFOPLIST_FILE = YES;
				INFOPLIST_FILE = ZFTemporary/Info.plist;
				INFOPLIST_KEY_UIApplicationSupportsIndirectInputEvents = YES;
				INFOPLIST_KEY_UILaunchStoryboardName = LaunchScreen;
				INFOPLIST_KEY_UIMainStoryboardFile = Main;
				INFOPLIST_KEY_UIRequiresFullScreen = YES;
				INFOPLIST_KEY_UISupportedInterfaceOrientations = "UIInterfaceOrientationLandscapeLeft UIInterfaceOrientationLandscapeRight UIInterfaceOrientationPortrait";
				IPHONEOS_DEPLOYMENT_TARGET = 12.0;
				LD_RUNPATH_SEARCH_PATHS = (
					"$(inherited)",
					"@executable_path/Frameworks",
				);
				MARKETING_VERSION = 1.0;
				PRODUCT_BUNDLE_IDENTIFIER = WhiteWhaleTech.ZFTemporary;
				PRODUCT_NAME = "$(TARGET_NAME)";
				SWIFT_EMIT_LOC_STRINGS = YES;
				TARGETED_DEVICE_FAMILY = "1,2";
			};
			name = Release;
		};
/* End XCBuildConfiguration section */

/* Begin XCConfigurationList section */
		0155AA9D2A174FA40057F3B6 /* Build configuration list for PBXProject "ZFTemporary" */ = {
			isa = XCConfigurationList;
			buildConfigurations = (
				0155AAB92A174FA60057F3B6 /* Debug */,
				0155AABA2A174FA60057F3B6 /* Release */,
			);
			defaultConfigurationIsVisible = 0;
			defaultConfigurationName = Release;
		};
		0155AABB2A174FA60057F3B6 /* Build configuration list for PBXNativeTarget "ZFTemporary" */ = {
			isa = XCConfigurationList;
			buildConfigurations = (
				0155AABC2A174FA60057F3B6 /* Debug */,
				0155AABD2A174FA60057F3B6 /* Release */,
			);
			defaultConfigurationIsVisible = 0;
			defaultConfigurationName = Release;
		};
/* End XCConfigurationList section */
	};
	rootObject = 0155AA9A2A174FA40057F3B6 /* Project object */;
}
